
Microsoft Visual Studio Solution File, Format Version 12.00
# Visual Studio Version 16
VisualStudioVersion = 16.0.32228.343
MinimumVisualStudioVersion = 10.0.40219.1
Project("{FAE04EC0-301F-11D3-BF4B-00C04F79EFBC}") = "OOMAC.Domain", "OOMAC.Domain\OOMAC.Domain.csproj", "{F2836492-FC5C-4BFF-A1EC-32C0162E6AFD}"
EndProject
Project("{FAE04EC0-301F-11D3-BF4B-00C04F79EFBC}") = "OOMAC.EF", "OOMAC.EF\OOMAC.EF.csproj", "{F238FBC3-FCCF-43BB-9D21-8F08FC2A87A8}"
EndProject
Project("{FAE04EC0-301F-11D3-BF4B-00C04F79EFBC}") = "OOMAC.WPF", "OOMAC.WPF\OOMAC.WPF.csproj", "{1AF63C7A-BD84-4A64-B10D-048C2304CD1D}"
EndProject
Global
	GlobalSection(SolutionConfigurationPlatforms) = preSolution
		Debug|Any CPU = Debug|Any CPU
		Release|Any CPU = Release|Any CPU
	EndGlobalSection
	GlobalSection(ProjectConfigurationPlatforms) = postSolution
		{F2836492-FC5C-4BFF-A1EC-32C0162E6AFD}.Debug|Any CPU.ActiveCfg = Debug|Any CPU
		{F2836492-FC5C-4BFF-A1EC-32C0162E6AFD}.Debug|Any CPU.Build.0 = Debug|Any CPU
		{F2836492-FC5C-4BFF-A1EC-32C0162E6AFD}.Release|Any CPU.ActiveCfg = Release|Any CPU
		{F2836492-FC5C-4BFF-A1EC-32C0162E6AFD}.Release|Any CPU.Build.0 = Release|Any CPU
		{F238FBC3-FCCF-43BB-9D21-8F08FC2A87A8}.Debug|Any CPU.ActiveCfg = Debug|Any CPU
		{F238FBC3-FCCF-43BB-9D21-8F08FC2A87A8}.Debug|Any CPU.Build.0 = Debug|Any CPU
		{F238FBC3-FCCF-43BB-9D21-8F08FC2A87A8}.Release|Any CPU.ActiveCfg = Release|Any CPU
		{F238FBC3-FCCF-43BB-9D21-8F08FC2A87A8}.Release|Any CPU.Build.0 = Release|Any CPU
		{1AF63C7A-BD84-4A64-B10D-048C2304CD1D}.Debug|Any CPU.ActiveCfg = Debug|Any CPU
		{1AF63C7A-BD84-4A64-B10D-048C2304CD1D}.Debug|Any CPU.Build.0 = Debug|Any CPU
		{1AF63C7A-BD84-4A64-B10D-048C2304CD1D}.Release|Any CPU.ActiveCfg = Release|Any CPU
		{1AF63C7A-BD84-4A64-B10D-048C2304CD1D}.Release|Any CPU.Build.0 = Release|Any CPU
	EndGlobalSection
	GlobalSection(SolutionProperties) = preSolution
		HideSolutionNode = FALSE
	EndGlobalSection
	GlobalSection(ExtensibilityGlobals) = postSolution
		SolutionGuid = {999DBD86-D38F-4B73-BE1A-1DBB11690475}
	EndGlobalSection
EndGlobal
